// !$*UTF8*$!
{
	archiveVersion = 1;
	classes = {
	};
	objectVersion = 46;
	objects = {

/* Begin PBXBuildFile section */
		676C57DC1B028EB700C173BE /* OpenGL.framework in Frameworks */ = {isa = PBXBuildFile; fileRef = 676C57DB1B028EB700C173BE /* OpenGL.framework */; };
		676C57DE1B028EBE00C173BE /* GLUT.framework in Frameworks */ = {isa = PBXBuildFile; fileRef = 676C57DD1B028EBE00C173BE /* GLUT.framework */; };
		676C57E01B028EF300C173BE /* blatt3.c in Sources */ = {isa = PBXBuildFile; fileRef = 676C57DF1B028EF300C173BE /* blatt3.c */; };
/* End PBXBuildFile section */

/* Begin PBXCopyFilesBuildPhase section */
		676C57CF1B028EAA00C173BE /* CopyFiles */ = {
			isa = PBXCopyFilesBuildPhase;
			buildActionMask = 2147483647;
			dstPath = /usr/share/man/man1/;
			dstSubfolderSpec = 0;
			files = (
			);
			runOnlyForDeploymentPostprocessing = 1;
		};
/* End PBXCopyFilesBuildPhase section */

/* Begin PBXFileReference section */
		676C57D11B028EAA00C173BE /* CG3_Benny_Base */ = {isa = PBXFileReference; explicitFileType = "compiled.mach-o.executable"; includeInIndex = 0; path = CG3_Benny_Base; sourceTree = BUILT_PRODUCTS_DIR; };
		676C57DB1B028EB700C173BE /* OpenGL.framework */ = {isa = PBXFileReference; lastKnownFileType = wrapper.framework; name = OpenGL.framework; path = System/Library/Frameworks/OpenGL.framework; sourceTree = SDKROOT; };
		676C57DD1B028EBE00C173BE /* GLUT.framework */ = {isa = PBXFileReference; lastKnownFileType = wrapper.framework; name = GLUT.framework; path = System/Library/Frameworks/GLUT.framework; sourceTree = SDKROOT; };
		676C57DF1B028EF300C173BE /* blatt3.c */ = {isa = PBXFileReference; fileEncoding = 4; lastKnownFileType = sourcecode.c.c; path = blatt3.c; sourceTree = "<group>"; };
/* End PBXFileReference section */

/* Begin PBXFrameworksBuildPhase section */
		676C57CE1B028EAA00C173BE /* Frameworks */ = {
			isa = PBXFrameworksBuildPhase;
			buildActionMask = 2147483647;
			files = (
				676C57DE1B028EBE00C173BE /* GLUT.framework in Frameworks */,
				676C57DC1B028EB700C173BE /* OpenGL.framework in Frameworks */,
			);
			runOnlyForDeploymentPostprocessing = 0;
		};
/* End PBXFrameworksBuildPhase section */

/* Begin PBXGroup section */
		676C57C81B028EAA00C173BE = {
			isa = PBXGroup;
			children = (
				676C57DD1B028EBE00C173BE /* GLUT.framework */,
				676C57DB1B028EB700C173BE /* OpenGL.framework */,
				676C57D31B028EAA00C173BE /* CG3_Benny_Base */,
				676C57D21B028EAA00C173BE /* Products */,
			);
			sourceTree = "<group>";
		};
		676C57D21B028EAA00C173BE /* Products */ = {
			isa = PBXGroup;
			children = (
				676C57D11B028EAA00C173BE /* CG3_Benny_Base */,
			);
			name = Products;
			sourceTree = "<group>";
		};
		676C57D31B028EAA00C173BE /* CG3_Benny_Base */ = {
			isa = PBXGroup;
			children = (
				676C57DF1B028EF300C173BE /* blatt3.c */,
			);
			path = CG3_Benny_Base;
			sourceTree = "<group>";
		};
/* End PBXGroup section */

/* Begin PBXNativeTarget section */
		676C57D01B028EAA00C173BE /* CG3_Benny_Base */ = {
			isa = PBXNativeTarget;
			buildConfigurationList = 676C57D81B028EAA00C173BE /* Build configuration list for PBXNativeTarget "CG3_Benny_Base" */;
			buildPhases = (
				676C57CD1B028EAA00C173BE /* Sources */,
				676C57CE1B028EAA00C173BE /* Frameworks */,
				676C57CF1B028EAA00C173BE /* CopyFiles */,
			);
			buildRules = (
			);
			dependencies = (
			);
			name = CG3_Benny_Base;
			productName = CG3_Benny_Base;
			productReference = 676C57D11B028EAA00C173BE /* CG3_Benny_Base */;
			productType = "com.apple.product-type.tool";
		};
/* End PBXNativeTarget section */

/* Begin PBXProject section */
		676C57C91B028EAA00C173BE /* Project object */ = {
			isa = PBXProject;
			attributes = {
				LastUpgradeCheck = 0630;
				ORGANIZATIONNAME = "Erich Klassen";
				TargetAttributes = {
					676C57D01B028EAA00C173BE = {
						CreatedOnToolsVersion = 6.3.1;
					};
				};
			};
			buildConfigurationList = 676C57CC1B028EAA00C173BE /* Build configuration list for PBXProject "CG3_Benny_Base" */;
			compatibilityVersion = "Xcode 3.2";
			developmentRegion = English;
			hasScannedForEncodings = 0;
			knownRegions = (
				en,
			);
			mainGroup = 676C57C81B028EAA00C173BE;
			productRefGroup = 676C57D21B028EAA00C173BE /* Products */;
			projectDirPath = "";
			projectRoot = "";
			targets = (
				676C57D01B028EAA00C173BE /* CG3_Benny_Base */,
			);
		};
/* End PBXProject section */

/* Begin PBXSourcesBuildPhase section */
		676C57CD1B028EAA00C173BE /* Sources */ = {
			isa = PBXSourcesBuildPhase;
			buildActionMask = 2147483647;
			files = (
				676C57E01B028EF300C173BE /* blatt3.c in Sources */,
			);
			runOnlyForDeploymentPostprocessing = 0;
		};
/* End PBXSourcesBuildPhase section */

/* Begin XCBuildConfiguration section */
		676C57D61B028EAA00C173BE /* Debug */ = {
			isa = XCBuildConfiguration;
			buildSettings = {
				ALWAYS_SEARCH_USER_PATHS = NO;
				CLANG_CXX_LANGUAGE_STANDARD = "gnu++0x";
				CLANG_CXX_LIBRARY = "libc++";
				CLANG_ENABLE_MODULES = YES;
				CLANG_ENABLE_OBJC_ARC = YES;
				CLANG_WARN_BOOL_CONVERSION = YES;
				CLANG_WARN_CONSTANT_CONVERSION = YES;
				CLANG_WARN_DIRECT_OBJC_ISA_USAGE = YES_ERROR;
				CLANG_WARN_EMPTY_BODY = YES;
				CLANG_WARN_ENUM_CONVERSION = YES;
				CLANG_WARN_INT_CONVERSION = YES;
				CLANG_WARN_OBJC_ROOT_CLASS = YES_ERROR;
				CLANG_WARN_UNREACHABLE_CODE = YES;
				CLANG_WARN__DUPLICATE_METHOD_MATCH = YES;
				COPY_PHASE_STRIP = NO;
				DEBUG_INFORMATION_FORMAT = dwarf;
				ENABLE_STRICT_OBJC_MSGSEND = YES;
				GCC_C_LANGUAGE_STANDARD = gnu99;
				GCC_DYNAMIC_NO_PIC = NO;
				GCC_NO_COMMON_BLOCKS = YES;
				GCC_OPTIMIZATION_LEVEL = 0;
				GCC_PREPROCESSOR_DEFINITIONS = (
					"DEBUG=1",
					"$(inherited)",
				);
				GCC_SYMBOLS_PRIVATE_EXTERN = NO;
				GCC_WARN_64_TO_32_BIT_CONVERSION = YES;
				GCC_WARN_ABOUT_RETURN_TYPE = YES_ERROR;
				GCC_WARN_UNDECLARED_SELECTOR = YES;
				GCC_WARN_UNINITIALIZED_AUTOS = YES_AGGRESSIVE;
				GCC_WARN_UNUSED_FUNCTION = YES;
				GCC_WARN_UNUSED_VARIABLE = YES;
				MACOSX_DEPLOYMENT_TARGET = 10.10;
				MTL_ENABLE_DEBUG_INFO = YES;
				ONLY_ACTIVE_ARCH = YES;
				SDKROOT = macosx;
			};
			name = Debug;
		};
		676C57D71B028EAA00C173BE /* Release */ = {
			isa = XCBuildConfiguration;
			buildSettings = {
				ALWAYS_SEARCH_USER_PATHS = NO;
				CLANG_CXX_LANGUAGE_STANDARD = "gnu++0x";
				CLANG_CXX_LIBRARY = "libc++";
				CLANG_ENABLE_MODULES = YES;
				CLANG_ENABLE_OBJC_ARC = YES;
				CLANG_WARN_BOOL_CONVERSION = YES;
				CLANG_WARN_CONSTANT_CONVERSION = YES;
				CLANG_WARN_DIRECT_OBJC_ISA_USAGE = YES_ERROR;
				CLANG_WARN_EMPTY_BODY = YES;
				CLANG_WARN_ENUM_CONVERSION = YES;
				CLANG_WARN_INT_CONVERSION = YES;
				CLANG_WARN_OBJC_ROOT_CLASS = YES_ERROR;
				CLANG_WARN_UNREACHABLE_CODE = YES;
				CLANG_WARN__DUPLICATE_METHOD_MATCH = YES;
				COPY_PHASE_STRIP = NO;
				DEBUG_INFORMATION_FORMAT = "dwarf-with-dsym";
				ENABLE_NS_ASSERTIONS = NO;
				ENABLE_STRICT_OBJC_MSGSEND = YES;
				GCC_C_LANGUAGE_STANDARD = gnu99;
				GCC_NO_COMMON_BLOCKS = YES;
				GCC_WARN_64_TO_32_BIT_CONVERSION = YES;
				GCC_WARN_ABOUT_RETURN_TYPE = YES_ERROR;
				GCC_WARN_UNDECLARED_SELECTOR = YES;
				GCC_WARN_UNINITIALIZED_AUTOS = YES_AGGRESSIVE;
				GCC_WARN_UNUSED_FUNCTION = YES;
				GCC_WARN_UNUSED_VARIABLE = YES;
				MACOSX_DEPLOYMENT_TARGET = 10.10;
				MTL_ENABLE_DEBUG_INFO = NO;
				SDKROOT = macosx;
			};
			name = Release;
		};
		676C57D91B028EAA00C173BE /* Debug */ = {
			isa = XCBuildConfiguration;
			buildSettings = {
				PRODUCT_NAME = "$(TARGET_NAME)";
			};
			name = Debug;
		};
		676C57DA1B028EAA00C173BE /* Release */ = {
			isa = XCBuildConfiguration;
			buildSettings = {
				PRODUCT_NAME = "$(TARGET_NAME)";
			};
			name = Release;
		};
/* End XCBuildConfiguration section */

/* Begin XCConfigurationList section */
		676C57CC1B028EAA00C173BE /* Build configuration list for PBXProject "CG3_Benny_Base" */ = {
			isa = XCConfigurationList;
			buildConfigurations = (
				676C57D61B028EAA00C173BE /* Debug */,
				676C57D71B028EAA00C173BE /* Release */,
			);
			defaultConfigurationIsVisible = 0;
			defaultConfigurationName = Release;
		};
		676C57D81B028EAA00C173BE /* Build configuration list for PBXNativeTarget "CG3_Benny_Base" */ = {
			isa = XCConfigurationList;
			buildConfigurations = (
				676C57D91B028EAA00C173BE /* Debug */,
				676C57DA1B028EAA00C173BE /* Release */,
			);
			defaultConfigurationIsVisible = 0;
		};
/* End XCConfigurationList section */
	};
	rootObject = 676C57C91B028EAA00C173BE /* Project object */;
}
