// !$*UTF8*$!
{
	archiveVersion = 1;
	classes = {
	};
	objectVersion = 46;
	objects = {

/* Begin PBXBuildFile section */
		67EE085F1B39D11900274E88 /* GLUT.framework in Frameworks */ = {isa = PBXBuildFile; fileRef = 67EE085E1B39D11900274E88 /* GLUT.framework */; };
		67EE08611B39D12200274E88 /* OpenGL.framework in Frameworks */ = {isa = PBXBuildFile; fileRef = 67EE08601B39D12200274E88 /* OpenGL.framework */; };
		67EE08631B39D12C00274E88 /* Untitled.cpp in Sources */ = {isa = PBXBuildFile; fileRef = 67EE08621B39D12C00274E88 /* Untitled.cpp */; };
/* End PBXBuildFile section */

/* Begin PBXCopyFilesBuildPhase section */
		67EE08521B39D0FB00274E88 /* CopyFiles */ = {
			isa = PBXCopyFilesBuildPhase;
			buildActionMask = 2147483647;
			dstPath = /usr/share/man/man1/;
			dstSubfolderSpec = 0;
			files = (
			);
			runOnlyForDeploymentPostprocessing = 1;
		};
/* End PBXCopyFilesBuildPhase section */

/* Begin PBXFileReference section */
		67EE08541B39D0FB00274E88 /* CG7 */ = {isa = PBXFileReference; explicitFileType = "compiled.mach-o.executable"; includeInIndex = 0; path = CG7; sourceTree = BUILT_PRODUCTS_DIR; };
		67EE085E1B39D11900274E88 /* GLUT.framework */ = {isa = PBXFileReference; lastKnownFileType = wrapper.framework; name = GLUT.framework; path = System/Library/Frameworks/GLUT.framework; sourceTree = SDKROOT; };
		67EE08601B39D12200274E88 /* OpenGL.framework */ = {isa = PBXFileReference; lastKnownFileType = wrapper.framework; name = OpenGL.framework; path = System/Library/Frameworks/OpenGL.framework; sourceTree = SDKROOT; };
		67EE08621B39D12C00274E88 /* Untitled.cpp */ = {isa = PBXFileReference; fileEncoding = 4; lastKnownFileType = sourcecode.cpp.cpp; path = Untitled.cpp; sourceTree = SOURCE_ROOT; };
/* End PBXFileReference section */

/* Begin PBXFrameworksBuildPhase section */
		67EE08511B39D0FB00274E88 /* Frameworks */ = {
			isa = PBXFrameworksBuildPhase;
			buildActionMask = 2147483647;
			files = (
				67EE08611B39D12200274E88 /* OpenGL.framework in Frameworks */,
				67EE085F1B39D11900274E88 /* GLUT.framework in Frameworks */,
			);
			runOnlyForDeploymentPostprocessing = 0;
		};
/* End PBXFrameworksBuildPhase section */

/* Begin PBXGroup section */
		67EE084B1B39D0FB00274E88 = {
			isa = PBXGroup;
			children = (
				67EE08601B39D12200274E88 /* OpenGL.framework */,
				67EE085E1B39D11900274E88 /* GLUT.framework */,
				67EE08561B39D0FB00274E88 /* CG7 */,
				67EE08551B39D0FB00274E88 /* Products */,
			);
			sourceTree = "<group>";
		};
		67EE08551B39D0FB00274E88 /* Products */ = {
			isa = PBXGroup;
			children = (
				67EE08541B39D0FB00274E88 /* CG7 */,
			);
			name = Products;
			sourceTree = "<group>";
		};
		67EE08561B39D0FB00274E88 /* CG7 */ = {
			isa = PBXGroup;
			children = (
				67EE08621B39D12C00274E88 /* Untitled.cpp */,
			);
			path = CG7;
			sourceTree = "<group>";
		};
/* End PBXGroup section */

/* Begin PBXNativeTarget section */
		67EE08531B39D0FB00274E88 /* CG7 */ = {
			isa = PBXNativeTarget;
			buildConfigurationList = 67EE085B1B39D0FB00274E88 /* Build configuration list for PBXNativeTarget "CG7" */;
			buildPhases = (
				67EE08501B39D0FB00274E88 /* Sources */,
				67EE08511B39D0FB00274E88 /* Frameworks */,
				67EE08521B39D0FB00274E88 /* CopyFiles */,
			);
			buildRules = (
			);
			dependencies = (
			);
			name = CG7;
			productName = CG7;
			productReference = 67EE08541B39D0FB00274E88 /* CG7 */;
			productType = "com.apple.product-type.tool";
		};
/* End PBXNativeTarget section */

/* Begin PBXProject section */
		67EE084C1B39D0FB00274E88 /* Project object */ = {
			isa = PBXProject;
			attributes = {
				LastUpgradeCheck = 0630;
				ORGANIZATIONNAME = "Erich Klassen";
				TargetAttributes = {
					67EE08531B39D0FB00274E88 = {
						CreatedOnToolsVersion = 6.3.2;
					};
				};
			};
			buildConfigurationList = 67EE084F1B39D0FB00274E88 /* Build configuration list for PBXProject "CG7" */;
			compatibilityVersion = "Xcode 3.2";
			developmentRegion = English;
			hasScannedForEncodings = 0;
			knownRegions = (
				en,
			);
			mainGroup = 67EE084B1B39D0FB00274E88;
			productRefGroup = 67EE08551B39D0FB00274E88 /* Products */;
			projectDirPath = "";
			projectRoot = "";
			targets = (
				67EE08531B39D0FB00274E88 /* CG7 */,
			);
		};
/* End PBXProject section */

/* Begin PBXSourcesBuildPhase section */
		67EE08501B39D0FB00274E88 /* Sources */ = {
			isa = PBXSourcesBuildPhase;
			buildActionMask = 2147483647;
			files = (
				67EE08631B39D12C00274E88 /* Untitled.cpp in Sources */,
			);
			runOnlyForDeploymentPostprocessing = 0;
		};
/* End PBXSourcesBuildPhase section */

/* Begin XCBuildConfiguration section */
		67EE08591B39D0FB00274E88 /* Debug */ = {
			isa = XCBuildConfiguration;
			buildSettings = {
				ALWAYS_SEARCH_USER_PATHS = NO;
				CLANG_CXX_LANGUAGE_STANDARD = "gnu++0x";
				CLANG_CXX_LIBRARY = "libc++";
				CLANG_ENABLE_MODULES = YES;
				CLANG_ENABLE_OBJC_ARC = YES;
				CLANG_WARN_BOOL_CONVERSION = YES;
				CLANG_WARN_CONSTANT_CONVERSION = YES;
				CLANG_WARN_DIRECT_OBJC_ISA_USAGE = YES_ERROR;
				CLANG_WARN_EMPTY_BODY = YES;
				CLANG_WARN_ENUM_CONVERSION = YES;
				CLANG_WARN_INT_CONVERSION = YES;
				CLANG_WARN_OBJC_ROOT_CLASS = YES_ERROR;
				CLANG_WARN_UNREACHABLE_CODE = YES;
				CLANG_WARN__DUPLICATE_METHOD_MATCH = YES;
				COPY_PHASE_STRIP = NO;
				DEBUG_INFORMATION_FORMAT = dwarf;
				ENABLE_STRICT_OBJC_MSGSEND = YES;
				GCC_C_LANGUAGE_STANDARD = gnu99;
				GCC_DYNAMIC_NO_PIC = NO;
				GCC_NO_COMMON_BLOCKS = YES;
				GCC_OPTIMIZATION_LEVEL = 0;
				GCC_PREPROCESSOR_DEFINITIONS = (
					"DEBUG=1",
					"$(inherited)",
				);
				GCC_SYMBOLS_PRIVATE_EXTERN = NO;
				GCC_WARN_64_TO_32_BIT_CONVERSION = YES;
				GCC_WARN_ABOUT_RETURN_TYPE = YES_ERROR;
				GCC_WARN_UNDECLARED_SELECTOR = YES;
				GCC_WARN_UNINITIALIZED_AUTOS = YES_AGGRESSIVE;
				GCC_WARN_UNUSED_FUNCTION = YES;
				GCC_WARN_UNUSED_VARIABLE = YES;
				MACOSX_DEPLOYMENT_TARGET = 10.10;
				MTL_ENABLE_DEBUG_INFO = YES;
				ONLY_ACTIVE_ARCH = YES;
				SDKROOT = macosx;
			};
			name = Debug;
		};
		67EE085A1B39D0FB00274E88 /* Release */ = {
			isa = XCBuildConfiguration;
			buildSettings = {
				ALWAYS_SEARCH_USER_PATHS = NO;
				CLANG_CXX_LANGUAGE_STANDARD = "gnu++0x";
				CLANG_CXX_LIBRARY = "libc++";
				CLANG_ENABLE_MODULES = YES;
				CLANG_ENABLE_OBJC_ARC = YES;
				CLANG_WARN_BOOL_CONVERSION = YES;
				CLANG_WARN_CONSTANT_CONVERSION = YES;
				CLANG_WARN_DIRECT_OBJC_ISA_USAGE = YES_ERROR;
				CLANG_WARN_EMPTY_BODY = YES;
				CLANG_WARN_ENUM_CONVERSION = YES;
				CLANG_WARN_INT_CONVERSION = YES;
				CLANG_WARN_OBJC_ROOT_CLASS = YES_ERROR;
				CLANG_WARN_UNREACHABLE_CODE = YES;
				CLANG_WARN__DUPLICATE_METHOD_MATCH = YES;
				COPY_PHASE_STRIP = NO;
				DEBUG_INFORMATION_FORMAT = "dwarf-with-dsym";
				ENABLE_NS_ASSERTIONS = NO;
				ENABLE_STRICT_OBJC_MSGSEND = YES;
				GCC_C_LANGUAGE_STANDARD = gnu99;
				GCC_NO_COMMON_BLOCKS = YES;
				GCC_WARN_64_TO_32_BIT_CONVERSION = YES;
				GCC_WARN_ABOUT_RETURN_TYPE = YES_ERROR;
				GCC_WARN_UNDECLARED_SELECTOR = YES;
				GCC_WARN_UNINITIALIZED_AUTOS = YES_AGGRESSIVE;
				GCC_WARN_UNUSED_FUNCTION = YES;
				GCC_WARN_UNUSED_VARIABLE = YES;
				MACOSX_DEPLOYMENT_TARGET = 10.10;
				MTL_ENABLE_DEBUG_INFO = NO;
				SDKROOT = macosx;
			};
			name = Release;
		};
		67EE085C1B39D0FB00274E88 /* Debug */ = {
			isa = XCBuildConfiguration;
			buildSettings = {
				PRODUCT_NAME = "$(TARGET_NAME)";
			};
			name = Debug;
		};
		67EE085D1B39D0FB00274E88 /* Release */ = {
			isa = XCBuildConfiguration;
			buildSettings = {
				PRODUCT_NAME = "$(TARGET_NAME)";
			};
			name = Release;
		};
/* End XCBuildConfiguration section */

/* Begin XCConfigurationList section */
		67EE084F1B39D0FB00274E88 /* Build configuration list for PBXProject "CG7" */ = {
			isa = XCConfigurationList;
			buildConfigurations = (
				67EE08591B39D0FB00274E88 /* Debug */,
				67EE085A1B39D0FB00274E88 /* Release */,
			);
			defaultConfigurationIsVisible = 0;
			defaultConfigurationName = Release;
		};
		67EE085B1B39D0FB00274E88 /* Build configuration list for PBXNativeTarget "CG7" */ = {
			isa = XCConfigurationList;
			buildConfigurations = (
				67EE085C1B39D0FB00274E88 /* Debug */,
				67EE085D1B39D0FB00274E88 /* Release */,
			);
			defaultConfigurationIsVisible = 0;
			defaultConfigurationName = Release;
		};
/* End XCConfigurationList section */
	};
	rootObject = 67EE084C1B39D0FB00274E88 /* Project object */;
}
